
Microsoft Visual Studio Solution File, Format Version 12.00
# Visual Studio Version 17
VisualStudioVersion = 17.7.34009.444
MinimumVisualStudioVersion = 10.0.40219.1
Project("{FAE04EC0-301F-11D3-BF4B-00C04F79EFBC}") = "TechnorucsWalkInAPI", "TechnorucsWalkInAPI.csproj", "{6F55BE54-EA56-495B-AE8E-27EEBE3D78D3}"
EndProject
Global
	GlobalSection(SolutionConfigurationPlatforms) = preSolution
		Debug|Any CPU = Debug|Any CPU
		Release|Any CPU = Release|Any CPU
	EndGlobalSection
	GlobalSection(ProjectConfigurationPlatforms) = postSolution
		{6F55BE54-EA56-495B-AE8E-27EEBE3D78D3}.Debug|Any CPU.ActiveCfg = Debug|Any CPU
		{6F55BE54-EA56-495B-AE8E-27EEBE3D78D3}.Debug|Any CPU.Build.0 = Debug|Any CPU
		{6F55BE54-EA56-495B-AE8E-27EEBE3D78D3}.Release|Any CPU.ActiveCfg = Release|Any CPU
		{6F55BE54-EA56-495B-AE8E-27EEBE3D78D3}.Release|Any CPU.Build.0 = Release|Any CPU
	EndGlobalSection
	GlobalSection(SolutionProperties) = preSolution
		HideSolutionNode = FALSE
	EndGlobalSection
	GlobalSection(ExtensibilityGlobals) = postSolution
		SolutionGuid = {3E33E704-BADE-46DC-9A38-D0E71339E920}
	EndGlobalSection
EndGlobal
